// !$*UTF8*$!
{
	archiveVersion = 1;
	classes = {
	};
	objectVersion = 48;
	objects = {

/* Begin PBXBuildFile section */
		2D110D6920A4217C0078DDC8 /* Array+Duplicates.swift in Sources */ = {isa = PBXBuildFile; fileRef = 2D110D6820A4217C0078DDC8 /* Array+Duplicates.swift */; };
		2D28568321464A34005FF13B /* UIButton+RoundCorner.swift in Sources */ = {isa = PBXBuildFile; fileRef = 2D28568221464A34005FF13B /* UIButton+RoundCorner.swift */; };
		2D28568521464A88005FF13B /* UIImage+PHAsset.swift in Sources */ = {isa = PBXBuildFile; fileRef = 2D28568421464A88005FF13B /* UIImage+PHAsset.swift */; };
		2D3FF7C2207DE7A200E7A30C /* AppDelegate.swift in Sources */ = {isa = PBXBuildFile; fileRef = 2D3FF7C1207DE7A200E7A30C /* AppDelegate.swift */; };
		2D3FF7C4207DE7A200E7A30C /* ViewController.swift in Sources */ = {isa = PBXBuildFile; fileRef = 2D3FF7C3207DE7A200E7A30C /* ViewController.swift */; };
		2D3FF7C7207DE7A200E7A30C /* Main.storyboard in Resources */ = {isa = PBXBuildFile; fileRef = 2D3FF7C5207DE7A200E7A30C /* Main.storyboard */; };
		2D3FF7C9207DE7A200E7A30C /* Assets.xcassets in Resources */ = {isa = PBXBuildFile; fileRef = 2D3FF7C8207DE7A200E7A30C /* Assets.xcassets */; };
		2D3FF7CC207DE7A200E7A30C /* LaunchScreen.storyboard in Resources */ = {isa = PBXBuildFile; fileRef = 2D3FF7CA207DE7A200E7A30C /* LaunchScreen.storyboard */; };
		2D3FF7D4207DE85400E7A30C /* NetworkConnectivity.swift in Sources */ = {isa = PBXBuildFile; fileRef = 2D3FF7D3207DE85400E7A30C /* NetworkConnectivity.swift */; };
		2D3FF7D6207DE86E00E7A30C /* APIClient.swift in Sources */ = {isa = PBXBuildFile; fileRef = 2D3FF7D5207DE86E00E7A30C /* APIClient.swift */; };
		2D3FF7D9207DEE0C00E7A30C /* NSManagedObject+Dic.swift in Sources */ = {isa = PBXBuildFile; fileRef = 2D3FF7D8207DEE0C00E7A30C /* NSManagedObject+Dic.swift */; };
		2D631FD921BA73F9000FA98E /* Screen Shot 2018-12-07 at 2.14.39 PM.png in Resources */ = {isa = PBXBuildFile; fileRef = 2D631FAB21BA73F8000FA98E /* Screen Shot 2018-12-07 at 2.14.39 PM.png */; };
		2D631FDA21BA73F9000FA98E /* Screen Shot 2018-12-07 at 2.15.15 PM.png in Resources */ = {isa = PBXBuildFile; fileRef = 2D631FAC21BA73F8000FA98E /* Screen Shot 2018-12-07 at 2.15.15 PM.png */; };
		2D631FDB21BA73F9000FA98E /* Screen Shot 2018-12-07 at 2.11.59 PM.png in Resources */ = {isa = PBXBuildFile; fileRef = 2D631FAD21BA73F8000FA98E /* Screen Shot 2018-12-07 at 2.11.59 PM.png */; };
		2D631FDC21BA73F9000FA98E /* Screen Shot 2018-12-07 at 2.23.04 PM.png in Resources */ = {isa = PBXBuildFile; fileRef = 2D631FAE21BA73F8000FA98E /* Screen Shot 2018-12-07 at 2.23.04 PM.png */; };
		2D631FDD21BA73F9000FA98E /* Appointment Reciept.pdf in Resources */ = {isa = PBXBuildFile; fileRef = 2D631FAF21BA73F8000FA98E /* Appointment Reciept.pdf */; };
		2D631FDE21BA73F9000FA98E /* Screen Shot 2018-12-07 at 2.31.47 PM.png in Resources */ = {isa = PBXBuildFile; fileRef = 2D631FB121BA73F8000FA98E /* Screen Shot 2018-12-07 at 2.31.47 PM.png */; };
		2D631FDF21BA73F9000FA98E /* Screen Shot 2018-12-07 at 2.25.00 PM.png in Resources */ = {isa = PBXBuildFile; fileRef = 2D631FB221BA73F8000FA98E /* Screen Shot 2018-12-07 at 2.25.00 PM.png */; };
		2D631FE021BA73F9000FA98E /* Screen Shot 2018-12-07 at 2.32.40 PM.png in Resources */ = {isa = PBXBuildFile; fileRef = 2D631FB321BA73F8000FA98E /* Screen Shot 2018-12-07 at 2.32.40 PM.png */; };
		2D631FE121BA73F9000FA98E /* Screen Shot 2018-12-07 at 2.30.14 PM.png in Resources */ = {isa = PBXBuildFile; fileRef = 2D631FB421BA73F9000FA98E /* Screen Shot 2018-12-07 at 2.30.14 PM.png */; };
		2D631FE221BA73F9000FA98E /* Screen Shot 2018-12-07 at 2.33.25 PM.png in Resources */ = {isa = PBXBuildFile; fileRef = 2D631FB521BA73F9000FA98E /* Screen Shot 2018-12-07 at 2.33.25 PM.png */; };
		2D631FE321BA73F9000FA98E /* Screen Shot 2018-12-07 at 2.27.39 PM.png in Resources */ = {isa = PBXBuildFile; fileRef = 2D631FB621BA73F9000FA98E /* Screen Shot 2018-12-07 at 2.27.39 PM.png */; };
		2D631FE421BA73F9000FA98E /* Screen Shot 2018-12-07 at 2.27.56 PM.png in Resources */ = {isa = PBXBuildFile; fileRef = 2D631FB721BA73F9000FA98E /* Screen Shot 2018-12-07 at 2.27.56 PM.png */; };
		2D631FE521BA73F9000FA98E /* Screen Shot 2018-12-07 at 2.34.07 PM.png in Resources */ = {isa = PBXBuildFile; fileRef = 2D631FB821BA73F9000FA98E /* Screen Shot 2018-12-07 at 2.34.07 PM.png */; };
		2D631FE621BA73F9000FA98E /* Screen Shot 2018-12-07 at 2.24.43 PM.png in Resources */ = {isa = PBXBuildFile; fileRef = 2D631FB921BA73F9000FA98E /* Screen Shot 2018-12-07 at 2.24.43 PM.png */; };
		2D631FE721BA73F9000FA98E /* Screen Shot 2018-12-07 at 2.29.08 PM.png in Resources */ = {isa = PBXBuildFile; fileRef = 2D631FBA21BA73F9000FA98E /* Screen Shot 2018-12-07 at 2.29.08 PM.png */; };
		2D631FE821BA73F9000FA98E /* Screen Shot 2018-12-07 at 2.25.34 PM.png in Resources */ = {isa = PBXBuildFile; fileRef = 2D631FBB21BA73F9000FA98E /* Screen Shot 2018-12-07 at 2.25.34 PM.png */; };
		2D631FE921BA73F9000FA98E /* Screen Shot 2018-12-07 at 2.30.59 PM.png in Resources */ = {isa = PBXBuildFile; fileRef = 2D631FBC21BA73F9000FA98E /* Screen Shot 2018-12-07 at 2.30.59 PM.png */; };
		2D631FEA21BA73F9000FA98E /* Screen Shot 2018-12-07 at 2.33.40 PM.png in Resources */ = {isa = PBXBuildFile; fileRef = 2D631FBD21BA73F9000FA98E /* Screen Shot 2018-12-07 at 2.33.40 PM.png */; };
		2D631FEB21BA73F9000FA98E /* Screen Shot 2018-12-07 at 2.34.27 PM.png in Resources */ = {isa = PBXBuildFile; fileRef = 2D631FBE21BA73F9000FA98E /* Screen Shot 2018-12-07 at 2.34.27 PM.png */; };
		2D631FEC21BA73F9000FA98E /* Screen Shot 2018-12-07 at 2.34.56 PM.png in Resources */ = {isa = PBXBuildFile; fileRef = 2D631FBF21BA73F9000FA98E /* Screen Shot 2018-12-07 at 2.34.56 PM.png */; };
		2D631FED21BA73F9000FA98E /* Screen Shot 2018-12-07 at 2.30.00 PM.png in Resources */ = {isa = PBXBuildFile; fileRef = 2D631FC021BA73F9000FA98E /* Screen Shot 2018-12-07 at 2.30.00 PM.png */; };
		2D631FEE21BA73F9000FA98E /* Screen Shot 2018-12-07 at 2.29.24 PM.png in Resources */ = {isa = PBXBuildFile; fileRef = 2D631FC121BA73F9000FA98E /* Screen Shot 2018-12-07 at 2.29.24 PM.png */; };
		2D631FEF21BA73F9000FA98E /* Screen Shot 2018-12-07 at 2.25.16 PM.png in Resources */ = {isa = PBXBuildFile; fileRef = 2D631FC221BA73F9000FA98E /* Screen Shot 2018-12-07 at 2.25.16 PM.png */; };
		2D631FF021BA73F9000FA98E /* Screen Shot 2018-12-07 at 2.25.51 PM.png in Resources */ = {isa = PBXBuildFile; fileRef = 2D631FC321BA73F9000FA98E /* Screen Shot 2018-12-07 at 2.25.51 PM.png */; };
		2D631FF121BA73F9000FA98E /* Screen Shot 2018-12-07 at 2.23.53 PM.png in Resources */ = {isa = PBXBuildFile; fileRef = 2D631FC421BA73F9000FA98E /* Screen Shot 2018-12-07 at 2.23.53 PM.png */; };
		2D631FF221BA73F9000FA98E /* Screen Shot 2018-12-07 at 2.27.05 PM.png in Resources */ = {isa = PBXBuildFile; fileRef = 2D631FC521BA73F9000FA98E /* Screen Shot 2018-12-07 at 2.27.05 PM.png */; };
		2D631FF321BA73F9000FA98E /* Screen Shot 2018-12-07 at 2.28.16 PM.png in Resources */ = {isa = PBXBuildFile; fileRef = 2D631FC621BA73F9000FA98E /* Screen Shot 2018-12-07 at 2.28.16 PM.png */; };
		2D631FF421BA73F9000FA98E /* Screen Shot 2018-12-07 at 2.28.54 PM.png in Resources */ = {isa = PBXBuildFile; fileRef = 2D631FC721BA73F9000FA98E /* Screen Shot 2018-12-07 at 2.28.54 PM.png */; };
		2D631FF521BA73F9000FA98E /* Screen Shot 2018-12-07 at 2.24.15 PM.png in Resources */ = {isa = PBXBuildFile; fileRef = 2D631FC821BA73F9000FA98E /* Screen Shot 2018-12-07 at 2.24.15 PM.png */; };
		2D631FF621BA73F9000FA98E /* Screen Shot 2018-12-07 at 2.32.53 PM.png in Resources */ = {isa = PBXBuildFile; fileRef = 2D631FC921BA73F9000FA98E /* Screen Shot 2018-12-07 at 2.32.53 PM.png */; };
		2D631FF721BA73F9000FA98E /* Screen Shot 2018-12-07 at 2.29.42 PM.png in Resources */ = {isa = PBXBuildFile; fileRef = 2D631FCA21BA73F9000FA98E /* Screen Shot 2018-12-07 at 2.29.42 PM.png */; };
		2D631FF821BA73F9000FA98E /* Screen Shot 2018-12-07 at 2.36.19 PM.png in Resources */ = {isa = PBXBuildFile; fileRef = 2D631FCB21BA73F9000FA98E /* Screen Shot 2018-12-07 at 2.36.19 PM.png */; };
		2D631FF921BA73F9000FA98E /* Screen Shot 2018-12-07 at 2.32.16 PM.png in Resources */ = {isa = PBXBuildFile; fileRef = 2D631FCC21BA73F9000FA98E /* Screen Shot 2018-12-07 at 2.32.16 PM.png */; };
		2D631FFA21BA73F9000FA98E /* Screen Shot 2018-12-07 at 2.30.42 PM.png in Resources */ = {isa = PBXBuildFile; fileRef = 2D631FCD21BA73F9000FA98E /* Screen Shot 2018-12-07 at 2.30.42 PM.png */; };
		2D631FFB21BA73F9000FA98E /* Screen Shot 2018-12-07 at 2.23.29 PM.png in Resources */ = {isa = PBXBuildFile; fileRef = 2D631FCE21BA73F9000FA98E /* Screen Shot 2018-12-07 at 2.23.29 PM.png */; };
		2D631FFC21BA73F9000FA98E /* Screen Shot 2018-12-07 at 2.28.39 PM.png in Resources */ = {isa = PBXBuildFile; fileRef = 2D631FCF21BA73F9000FA98E /* Screen Shot 2018-12-07 at 2.28.39 PM.png */; };
		2D631FFD21BA73F9000FA98E /* Screen Shot 2018-12-07 at 2.34.41 PM.png in Resources */ = {isa = PBXBuildFile; fileRef = 2D631FD021BA73F9000FA98E /* Screen Shot 2018-12-07 at 2.34.41 PM.png */; };
		2D631FFE21BA73F9000FA98E /* Screen Shot 2018-12-07 at 2.32.00 PM.png in Resources */ = {isa = PBXBuildFile; fileRef = 2D631FD121BA73F9000FA98E /* Screen Shot 2018-12-07 at 2.32.00 PM.png */; };
		2D631FFF21BA73F9000FA98E /* Screen Shot 2018-12-07 at 2.31.19 PM.png in Resources */ = {isa = PBXBuildFile; fileRef = 2D631FD221BA73F9000FA98E /* Screen Shot 2018-12-07 at 2.31.19 PM.png */; };
		2D63200021BA73F9000FA98E /* Screen Shot 2018-12-07 at 2.33.53 PM.png in Resources */ = {isa = PBXBuildFile; fileRef = 2D631FD321BA73F9000FA98E /* Screen Shot 2018-12-07 at 2.33.53 PM.png */; };
		2D63200121BA73F9000FA98E /* Screen Shot 2018-12-07 at 2.27.22 PM.png in Resources */ = {isa = PBXBuildFile; fileRef = 2D631FD421BA73F9000FA98E /* Screen Shot 2018-12-07 at 2.27.22 PM.png */; };
		2D63200221BA73F9000FA98E /* Screen Shot 2018-12-07 at 2.30.27 PM.png in Resources */ = {isa = PBXBuildFile; fileRef = 2D631FD521BA73F9000FA98E /* Screen Shot 2018-12-07 at 2.30.27 PM.png */; };
		2D63200321BA73F9000FA98E /* Screen Shot 2018-12-07 at 2.33.04 PM.png in Resources */ = {isa = PBXBuildFile; fileRef = 2D631FD621BA73F9000FA98E /* Screen Shot 2018-12-07 at 2.33.04 PM.png */; };
		2D63200421BA73F9000FA98E /* Screen Shot 2018-12-07 at 2.31.33 PM.png in Resources */ = {isa = PBXBuildFile; fileRef = 2D631FD721BA73F9000FA98E /* Screen Shot 2018-12-07 at 2.31.33 PM.png */; };
		2D63200521BA73F9000FA98E /* Screen Shot 2018-12-07 at 2.26.10 PM.png in Resources */ = {isa = PBXBuildFile; fileRef = 2D631FD821BA73F9000FA98E /* Screen Shot 2018-12-07 at 2.26.10 PM.png */; };
		2D64569720A07CC000EBB06C /* TextField+BottomLine.swift in Sources */ = {isa = PBXBuildFile; fileRef = 2D64569620A07CC000EBB06C /* TextField+BottomLine.swift */; };
		2D64569920A07D3D00EBB06C /* DoubleExtension.swift in Sources */ = {isa = PBXBuildFile; fileRef = 2D64569820A07D3D00EBB06C /* DoubleExtension.swift */; };
		2D64569B20A07DEC00EBB06C /* UIView+Round.swift in Sources */ = {isa = PBXBuildFile; fileRef = 2D64569A20A07DEC00EBB06C /* UIView+Round.swift */; };
		2D7BB55521429ED2009CACA1 /* Reusable.swift in Sources */ = {isa = PBXBuildFile; fileRef = 2D7BB55421429ED2009CACA1 /* Reusable.swift */; };
		2D7BB5582142A121009CACA1 /* LabelTableViewCell.swift in Sources */ = {isa = PBXBuildFile; fileRef = 2D7BB5562142A121009CACA1 /* LabelTableViewCell.swift */; };
		2D7BB5592142A121009CACA1 /* LabelTableViewCell.xib in Resources */ = {isa = PBXBuildFile; fileRef = 2D7BB5572142A121009CACA1 /* LabelTableViewCell.xib */; };
		2D7BB55B2142A4CD009CACA1 /* BaseTableViewCell.swift in Sources */ = {isa = PBXBuildFile; fileRef = 2D7BB55A2142A4CD009CACA1 /* BaseTableViewCell.swift */; };
		2D7BB55D2142A9FF009CACA1 /* CodeLabelTableViewCell.swift in Sources */ = {isa = PBXBuildFile; fileRef = 2D7BB55C2142A9FF009CACA1 /* CodeLabelTableViewCell.swift */; };
		2D7BB55F2142ACBE009CACA1 /* UITableView+Reusable.swift in Sources */ = {isa = PBXBuildFile; fileRef = 2D7BB55E2142ACBE009CACA1 /* UITableView+Reusable.swift */; };
		2D7BB5612142AD0A009CACA1 /* UICollectionView+Reusable .swift in Sources */ = {isa = PBXBuildFile; fileRef = 2D7BB5602142AD0A009CACA1 /* UICollectionView+Reusable .swift */; };
		2D7BB5632142ADF9009CACA1 /* UIColor+CustomColors.swift in Sources */ = {isa = PBXBuildFile; fileRef = 2D7BB5622142ADF9009CACA1 /* UIColor+CustomColors.swift */; };
		2D7BB5652142AE36009CACA1 /* UIFont+Fonts.swift in Sources */ = {isa = PBXBuildFile; fileRef = 2D7BB5642142AE36009CACA1 /* UIFont+Fonts.swift */; };
		2D7BB5682142AFED009CACA1 /* Data+HTML2AttrString.swift in Sources */ = {isa = PBXBuildFile; fileRef = 2D7BB5672142AFED009CACA1 /* Data+HTML2AttrString.swift */; };
		2DE2A5322087747B0075A1A0 /* TSYoutubeParser.swift in Sources */ = {isa = PBXBuildFile; fileRef = 2DE2A5312087747B0075A1A0 /* TSYoutubeParser.swift */; };
		4CA322B94DF2BE756A827E4B /* Pods_UtilitiesAndHelpers.framework in Frameworks */ = {isa = PBXBuildFile; fileRef = C87E0EA092AE5DB8B58CB96D /* Pods_UtilitiesAndHelpers.framework */; };
/* End PBXBuildFile section */

/* Begin PBXFileReference section */
		2D110D6820A4217C0078DDC8 /* Array+Duplicates.swift */ = {isa = PBXFileReference; lastKnownFileType = sourcecode.swift; path = "Array+Duplicates.swift"; sourceTree = "<group>"; };
		2D28568221464A34005FF13B /* UIButton+RoundCorner.swift */ = {isa = PBXFileReference; lastKnownFileType = sourcecode.swift; path = "UIButton+RoundCorner.swift"; sourceTree = "<group>"; };
		2D28568421464A88005FF13B /* UIImage+PHAsset.swift */ = {isa = PBXFileReference; lastKnownFileType = sourcecode.swift; path = "UIImage+PHAsset.swift"; sourceTree = "<group>"; };
		2D3FF7BE207DE7A200E7A30C /* UtilitiesAndHelpers.app */ = {isa = PBXFileReference; explicitFileType = wrapper.application; includeInIndex = 0; path = UtilitiesAndHelpers.app; sourceTree = BUILT_PRODUCTS_DIR; };
		2D3FF7C1207DE7A200E7A30C /* AppDelegate.swift */ = {isa = PBXFileReference; lastKnownFileType = sourcecode.swift; path = AppDelegate.swift; sourceTree = "<group>"; };
		2D3FF7C3207DE7A200E7A30C /* ViewController.swift */ = {isa = PBXFileReference; lastKnownFileType = sourcecode.swift; path = ViewController.swift; sourceTree = "<group>"; };
		2D3FF7C6207DE7A200E7A30C /* Base */ = {isa = PBXFileReference; lastKnownFileType = file.storyboard; name = Base; path = Base.lproj/Main.storyboard; sourceTree = "<group>"; };
		2D3FF7C8207DE7A200E7A30C /* Assets.xcassets */ = {isa = PBXFileReference; lastKnownFileType = folder.assetcatalog; path = Assets.xcassets; sourceTree = "<group>"; };
		2D3FF7CB207DE7A200E7A30C /* Base */ = {isa = PBXFileReference; lastKnownFileType = file.storyboard; name = Base; path = Base.lproj/LaunchScreen.storyboard; sourceTree = "<group>"; };
		2D3FF7CD207DE7A200E7A30C /* Info.plist */ = {isa = PBXFileReference; lastKnownFileType = text.plist.xml; path = Info.plist; sourceTree = "<group>"; };
		2D3FF7D3207DE85400E7A30C /* NetworkConnectivity.swift */ = {isa = PBXFileReference; fileEncoding = 4; lastKnownFileType = sourcecode.swift; path = NetworkConnectivity.swift; sourceTree = "<group>"; };
		2D3FF7D5207DE86E00E7A30C /* APIClient.swift */ = {isa = PBXFileReference; fileEncoding = 4; lastKnownFileType = sourcecode.swift; path = APIClient.swift; sourceTree = "<group>"; };
		2D3FF7D8207DEE0C00E7A30C /* NSManagedObject+Dic.swift */ = {isa = PBXFileReference; lastKnownFileType = sourcecode.swift; path = "NSManagedObject+Dic.swift"; sourceTree = "<group>"; };
		2D631FAB21BA73F8000FA98E /* Screen Shot 2018-12-07 at 2.14.39 PM.png */ = {isa = PBXFileReference; lastKnownFileType = image.png; path = "Screen Shot 2018-12-07 at 2.14.39 PM.png"; sourceTree = "<group>"; };
		2D631FAC21BA73F8000FA98E /* Screen Shot 2018-12-07 at 2.15.15 PM.png */ = {isa = PBXFileReference; lastKnownFileType = image.png; path = "Screen Shot 2018-12-07 at 2.15.15 PM.png"; sourceTree = "<group>"; };
		2D631FAD21BA73F8000FA98E /* Screen Shot 2018-12-07 at 2.11.59 PM.png */ = {isa = PBXFileReference; lastKnownFileType = image.png; path = "Screen Shot 2018-12-07 at 2.11.59 PM.png"; sourceTree = "<group>"; };
		2D631FAE21BA73F8000FA98E /* Screen Shot 2018-12-07 at 2.23.04 PM.png */ = {isa = PBXFileReference; lastKnownFileType = image.png; path = "Screen Shot 2018-12-07 at 2.23.04 PM.png"; sourceTree = "<group>"; };
		2D631FAF21BA73F8000FA98E /* Appointment Reciept.pdf */ = {isa = PBXFileReference; lastKnownFileType = image.pdf; path = "Appointment Reciept.pdf"; sourceTree = "<group>"; };
		2D631FB121BA73F8000FA98E /* Screen Shot 2018-12-07 at 2.31.47 PM.png */ = {isa = PBXFileReference; lastKnownFileType = image.png; path = "Screen Shot 2018-12-07 at 2.31.47 PM.png"; sourceTree = "<group>"; };
		2D631FB221BA73F8000FA98E /* Screen Shot 2018-12-07 at 2.25.00 PM.png */ = {isa = PBXFileReference; lastKnownFileType = image.png; path = "Screen Shot 2018-12-07 at 2.25.00 PM.png"; sourceTree = "<group>"; };
		2D631FB321BA73F8000FA98E /* Screen Shot 2018-12-07 at 2.32.40 PM.png */ = {isa = PBXFileReference; lastKnownFileType = image.png; path = "Screen Shot 2018-12-07 at 2.32.40 PM.png"; sourceTree = "<group>"; };
		2D631FB421BA73F9000FA98E /* Screen Shot 2018-12-07 at 2.30.14 PM.png */ = {isa = PBXFileReference; lastKnownFileType = image.png; path = "Screen Shot 2018-12-07 at 2.30.14 PM.png"; sourceTree = "<group>"; };
		2D631FB521BA73F9000FA98E /* Screen Shot 2018-12-07 at 2.33.25 PM.png */ = {isa = PBXFileReference; lastKnownFileType = image.png; path = "Screen Shot 2018-12-07 at 2.33.25 PM.png"; sourceTree = "<group>"; };
		2D631FB621BA73F9000FA98E /* Screen Shot 2018-12-07 at 2.27.39 PM.png */ = {isa = PBXFileReference; lastKnownFileType = image.png; path = "Screen Shot 2018-12-07 at 2.27.39 PM.png"; sourceTree = "<group>"; };
		2D631FB721BA73F9000FA98E /* Screen Shot 2018-12-07 at 2.27.56 PM.png */ = {isa = PBXFileReference; lastKnownFileType = image.png; path = "Screen Shot 2018-12-07 at 2.27.56 PM.png"; sourceTree = "<group>"; };
		2D631FB821BA73F9000FA98E /* Screen Shot 2018-12-07 at 2.34.07 PM.png */ = {isa = PBXFileReference; lastKnownFileType = image.png; path = "Screen Shot 2018-12-07 at 2.34.07 PM.png"; sourceTree = "<group>"; };
		2D631FB921BA73F9000FA98E /* Screen Shot 2018-12-07 at 2.24.43 PM.png */ = {isa = PBXFileReference; lastKnownFileType = image.png; path = "Screen Shot 2018-12-07 at 2.24.43 PM.png"; sourceTree = "<group>"; };
		2D631FBA21BA73F9000FA98E /* Screen Shot 2018-12-07 at 2.29.08 PM.png */ = {isa = PBXFileReference; lastKnownFileType = image.png; path = "Screen Shot 2018-12-07 at 2.29.08 PM.png"; sourceTree = "<group>"; };
		2D631FBB21BA73F9000FA98E /* Screen Shot 2018-12-07 at 2.25.34 PM.png */ = {isa = PBXFileReference; lastKnownFileType = image.png; path = "Screen Shot 2018-12-07 at 2.25.34 PM.png"; sourceTree = "<group>"; };
		2D631FBC21BA73F9000FA98E /* Screen Shot 2018-12-07 at 2.30.59 PM.png */ = {isa = PBXFileReference; lastKnownFileType = image.png; path = "Screen Shot 2018-12-07 at 2.30.59 PM.png"; sourceTree = "<group>"; };
		2D631FBD21BA73F9000FA98E /* Screen Shot 2018-12-07 at 2.33.40 PM.png */ = {isa = PBXFileReference; lastKnownFileType = image.png; path = "Screen Shot 2018-12-07 at 2.33.40 PM.png"; sourceTree = "<group>"; };
		2D631FBE21BA73F9000FA98E /* Screen Shot 2018-12-07 at 2.34.27 PM.png */ = {isa = PBXFileReference; lastKnownFileType = image.png; path = "Screen Shot 2018-12-07 at 2.34.27 PM.png"; sourceTree = "<group>"; };
		2D631FBF21BA73F9000FA98E /* Screen Shot 2018-12-07 at 2.34.56 PM.png */ = {isa = PBXFileReference; lastKnownFileType = image.png; path = "Screen Shot 2018-12-07 at 2.34.56 PM.png"; sourceTree = "<group>"; };
		2D631FC021BA73F9000FA98E /* Screen Shot 2018-12-07 at 2.30.00 PM.png */ = {isa = PBXFileReference; lastKnownFileType = image.png; path = "Screen Shot 2018-12-07 at 2.30.00 PM.png"; sourceTree = "<group>"; };
		2D631FC121BA73F9000FA98E /* Screen Shot 2018-12-07 at 2.29.24 PM.png */ = {isa = PBXFileReference; lastKnownFileType = image.png; path = "Screen Shot 2018-12-07 at 2.29.24 PM.png"; sourceTree = "<group>"; };
		2D631FC221BA73F9000FA98E /* Screen Shot 2018-12-07 at 2.25.16 PM.png */ = {isa = PBXFileReference; lastKnownFileType = image.png; path = "Screen Shot 2018-12-07 at 2.25.16 PM.png"; sourceTree = "<group>"; };
		2D631FC321BA73F9000FA98E /* Screen Shot 2018-12-07 at 2.25.51 PM.png */ = {isa = PBXFileReference; lastKnownFileType = image.png; path = "Screen Shot 2018-12-07 at 2.25.51 PM.png"; sourceTree = "<group>"; };
		2D631FC421BA73F9000FA98E /* Screen Shot 2018-12-07 at 2.23.53 PM.png */ = {isa = PBXFileReference; lastKnownFileType = image.png; path = "Screen Shot 2018-12-07 at 2.23.53 PM.png"; sourceTree = "<group>"; };
		2D631FC521BA73F9000FA98E /* Screen Shot 2018-12-07 at 2.27.05 PM.png */ = {isa = PBXFileReference; lastKnownFileType = image.png; path = "Screen Shot 2018-12-07 at 2.27.05 PM.png"; sourceTree = "<group>"; };
		2D631FC621BA73F9000FA98E /* Screen Shot 2018-12-07 at 2.28.16 PM.png */ = {isa = PBXFileReference; lastKnownFileType = image.png; path = "Screen Shot 2018-12-07 at 2.28.16 PM.png"; sourceTree = "<group>"; };
		2D631FC721BA73F9000FA98E /* Screen Shot 2018-12-07 at 2.28.54 PM.png */ = {isa = PBXFileReference; lastKnownFileType = image.png; path = "Screen Shot 2018-12-07 at 2.28.54 PM.png"; sourceTree = "<group>"; };
		2D631FC821BA73F9000FA98E /* Screen Shot 2018-12-07 at 2.24.15 PM.png */ = {isa = PBXFileReference; lastKnownFileType = image.png; path = "Screen Shot 2018-12-07 at 2.24.15 PM.png"; sourceTree = "<group>"; };
		2D631FC921BA73F9000FA98E /* Screen Shot 2018-12-07 at 2.32.53 PM.png */ = {isa = PBXFileReference; lastKnownFileType = image.png; path = "Screen Shot 2018-12-07 at 2.32.53 PM.png"; sourceTree = "<group>"; };
		2D631FCA21BA73F9000FA98E /* Screen Shot 2018-12-07 at 2.29.42 PM.png */ = {isa = PBXFileReference; lastKnownFileType = image.png; path = "Screen Shot 2018-12-07 at 2.29.42 PM.png"; sourceTree = "<group>"; };
		2D631FCB21BA73F9000FA98E /* Screen Shot 2018-12-07 at 2.36.19 PM.png */ = {isa = PBXFileReference; lastKnownFileType = image.png; path = "Screen Shot 2018-12-07 at 2.36.19 PM.png"; sourceTree = "<group>"; };
		2D631FCC21BA73F9000FA98E /* Screen Shot 2018-12-07 at 2.32.16 PM.png */ = {isa = PBXFileReference; lastKnownFileType = image.png; path = "Screen Shot 2018-12-07 at 2.32.16 PM.png"; sourceTree = "<group>"; };
		2D631FCD21BA73F9000FA98E /* Screen Shot 2018-12-07 at 2.30.42 PM.png */ = {isa = PBXFileReference; lastKnownFileType = image.png; path = "Screen Shot 2018-12-07 at 2.30.42 PM.png"; sourceTree = "<group>"; };
		2D631FCE21BA73F9000FA98E /* Screen Shot 2018-12-07 at 2.23.29 PM.png */ = {isa = PBXFileReference; lastKnownFileType = image.png; path = "Screen Shot 2018-12-07 at 2.23.29 PM.png"; sourceTree = "<group>"; };
		2D631FCF21BA73F9000FA98E /* Screen Shot 2018-12-07 at 2.28.39 PM.png */ = {isa = PBXFileReference; lastKnownFileType = image.png; path = "Screen Shot 2018-12-07 at 2.28.39 PM.png"; sourceTree = "<group>"; };
		2D631FD021BA73F9000FA98E /* Screen Shot 2018-12-07 at 2.34.41 PM.png */ = {isa = PBXFileReference; lastKnownFileType = image.png; path = "Screen Shot 2018-12-07 at 2.34.41 PM.png"; sourceTree = "<group>"; };
		2D631FD121BA73F9000FA98E /* Screen Shot 2018-12-07 at 2.32.00 PM.png */ = {isa = PBXFileReference; lastKnownFileType = image.png; path = "Screen Shot 2018-12-07 at 2.32.00 PM.png"; sourceTree = "<group>"; };
		2D631FD221BA73F9000FA98E /* Screen Shot 2018-12-07 at 2.31.19 PM.png */ = {isa = PBXFileReference; lastKnownFileType = image.png; path = "Screen Shot 2018-12-07 at 2.31.19 PM.png"; sourceTree = "<group>"; };
		2D631FD321BA73F9000FA98E /* Screen Shot 2018-12-07 at 2.33.53 PM.png */ = {isa = PBXFileReference; lastKnownFileType = image.png; path = "Screen Shot 2018-12-07 at 2.33.53 PM.png"; sourceTree = "<group>"; };
		2D631FD421BA73F9000FA98E /* Screen Shot 2018-12-07 at 2.27.22 PM.png */ = {isa = PBXFileReference; lastKnownFileType = image.png; path = "Screen Shot 2018-12-07 at 2.27.22 PM.png"; sourceTree = "<group>"; };
		2D631FD521BA73F9000FA98E /* Screen Shot 2018-12-07 at 2.30.27 PM.png */ = {isa = PBXFileReference; lastKnownFileType = image.png; path = "Screen Shot 2018-12-07 at 2.30.27 PM.png"; sourceTree = "<group>"; };
		2D631FD621BA73F9000FA98E /* Screen Shot 2018-12-07 at 2.33.04 PM.png */ = {isa = PBXFileReference; lastKnownFileType = image.png; path = "Screen Shot 2018-12-07 at 2.33.04 PM.png"; sourceTree = "<group>"; };
		2D631FD721BA73F9000FA98E /* Screen Shot 2018-12-07 at 2.31.33 PM.png */ = {isa = PBXFileReference; lastKnownFileType = image.png; path = "Screen Shot 2018-12-07 at 2.31.33 PM.png"; sourceTree = "<group>"; };
		2D631FD821BA73F9000FA98E /* Screen Shot 2018-12-07 at 2.26.10 PM.png */ = {isa = PBXFileReference; lastKnownFileType = image.png; path = "Screen Shot 2018-12-07 at 2.26.10 PM.png"; sourceTree = "<group>"; };
		2D64569620A07CC000EBB06C /* TextField+BottomLine.swift */ = {isa = PBXFileReference; lastKnownFileType = sourcecode.swift; path = "TextField+BottomLine.swift"; sourceTree = "<group>"; };
		2D64569820A07D3D00EBB06C /* DoubleExtension.swift */ = {isa = PBXFileReference; lastKnownFileType = sourcecode.swift; path = DoubleExtension.swift; sourceTree = "<group>"; };
		2D64569A20A07DEC00EBB06C /* UIView+Round.swift */ = {isa = PBXFileReference; lastKnownFileType = sourcecode.swift; path = "UIView+Round.swift"; sourceTree = "<group>"; };
		2D7BB55421429ED2009CACA1 /* Reusable.swift */ = {isa = PBXFileReference; lastKnownFileType = sourcecode.swift; path = Reusable.swift; sourceTree = "<group>"; };
		2D7BB5562142A121009CACA1 /* LabelTableViewCell.swift */ = {isa = PBXFileReference; lastKnownFileType = sourcecode.swift; path = LabelTableViewCell.swift; sourceTree = "<group>"; };
		2D7BB5572142A121009CACA1 /* LabelTableViewCell.xib */ = {isa = PBXFileReference; lastKnownFileType = file.xib; path = LabelTableViewCell.xib; sourceTree = "<group>"; };
		2D7BB55A2142A4CD009CACA1 /* BaseTableViewCell.swift */ = {isa = PBXFileReference; lastKnownFileType = sourcecode.swift; path = BaseTableViewCell.swift; sourceTree = "<group>"; };
		2D7BB55C2142A9FF009CACA1 /* CodeLabelTableViewCell.swift */ = {isa = PBXFileReference; lastKnownFileType = sourcecode.swift; path = CodeLabelTableViewCell.swift; sourceTree = "<group>"; };
		2D7BB55E2142ACBE009CACA1 /* UITableView+Reusable.swift */ = {isa = PBXFileReference; lastKnownFileType = sourcecode.swift; path = "UITableView+Reusable.swift"; sourceTree = "<group>"; };
		2D7BB5602142AD0A009CACA1 /* UICollectionView+Reusable .swift */ = {isa = PBXFileReference; lastKnownFileType = sourcecode.swift; path = "UICollectionView+Reusable .swift"; sourceTree = "<group>"; };
		2D7BB5622142ADF9009CACA1 /* UIColor+CustomColors.swift */ = {isa = PBXFileReference; lastKnownFileType = sourcecode.swift; path = "UIColor+CustomColors.swift"; sourceTree = "<group>"; };
		2D7BB5642142AE36009CACA1 /* UIFont+Fonts.swift */ = {isa = PBXFileReference; lastKnownFileType = sourcecode.swift; path = "UIFont+Fonts.swift"; sourceTree = "<group>"; };
		2D7BB5672142AFED009CACA1 /* Data+HTML2AttrString.swift */ = {isa = PBXFileReference; lastKnownFileType = sourcecode.swift; path = "Data+HTML2AttrString.swift"; sourceTree = "<group>"; };
		2DE2A5312087747B0075A1A0 /* TSYoutubeParser.swift */ = {isa = PBXFileReference; lastKnownFileType = sourcecode.swift; path = TSYoutubeParser.swift; sourceTree = "<group>"; };
		A9308E88719D2B3131B46EEC /* Pods-UtilitiesAndHelpers.release.xcconfig */ = {isa = PBXFileReference; includeInIndex = 1; lastKnownFileType = text.xcconfig; name = "Pods-UtilitiesAndHelpers.release.xcconfig"; path = "Pods/Target Support Files/Pods-UtilitiesAndHelpers/Pods-UtilitiesAndHelpers.release.xcconfig"; sourceTree = "<group>"; };
		C87E0EA092AE5DB8B58CB96D /* Pods_UtilitiesAndHelpers.framework */ = {isa = PBXFileReference; explicitFileType = wrapper.framework; includeInIndex = 0; path = Pods_UtilitiesAndHelpers.framework; sourceTree = BUILT_PRODUCTS_DIR; };
		E971E056EC67A7F1469C8A6A /* Pods-UtilitiesAndHelpers.debug.xcconfig */ = {isa = PBXFileReference; includeInIndex = 1; lastKnownFileType = text.xcconfig; name = "Pods-UtilitiesAndHelpers.debug.xcconfig"; path = "Pods/Target Support Files/Pods-UtilitiesAndHelpers/Pods-UtilitiesAndHelpers.debug.xcconfig"; sourceTree = "<group>"; };
/* End PBXFileReference section */

/* Begin PBXFrameworksBuildPhase section */
		2D3FF7BB207DE7A200E7A30C /* Frameworks */ = {
			isa = PBXFrameworksBuildPhase;
			buildActionMask = 2147483647;
			files = (
				4CA322B94DF2BE756A827E4B /* Pods_UtilitiesAndHelpers.framework in Frameworks */,
			);
			runOnlyForDeploymentPostprocessing = 0;
		};
/* End PBXFrameworksBuildPhase section */

/* Begin PBXGroup section */
		2D3FF7B5207DE7A200E7A30C = {
			isa = PBXGroup;
			children = (
				2D3FF7C0207DE7A200E7A30C /* UtilitiesAndHelpers */,
				2D3FF7BF207DE7A200E7A30C /* Products */,
				451C4AB22A40EE16F0A703F3 /* Pods */,
				C80494E1C1B1CBBA3810CF45 /* Frameworks */,
			);
			sourceTree = "<group>";
		};
		2D3FF7BF207DE7A200E7A30C /* Products */ = {
			isa = PBXGroup;
			children = (
				2D3FF7BE207DE7A200E7A30C /* UtilitiesAndHelpers.app */,
			);
			name = Products;
			sourceTree = "<group>";
		};
		2D3FF7C0207DE7A200E7A30C /* UtilitiesAndHelpers */ = {
			isa = PBXGroup;
			children = (
				2D3FF7C1207DE7A200E7A30C /* AppDelegate.swift */,
				2D631FAA21BA73F8000FA98E /* PCC */,
				2D631FB021BA73F8000FA98E /* work-hts */,
				2D3FF7C3207DE7A200E7A30C /* ViewController.swift */,
				2D3FF7D5207DE86E00E7A30C /* APIClient.swift */,
				2D3FF7D3207DE85400E7A30C /* NetworkConnectivity.swift */,
				2DE2A5312087747B0075A1A0 /* TSYoutubeParser.swift */,
				2D7BB55A2142A4CD009CACA1 /* BaseTableViewCell.swift */,
				2D7BB5562142A121009CACA1 /* LabelTableViewCell.swift */,
				2D7BB55C2142A9FF009CACA1 /* CodeLabelTableViewCell.swift */,
				2D7BB5572142A121009CACA1 /* LabelTableViewCell.xib */,
				2D3FF7D7207DEDF600E7A30C /* Extensions */,
				2D3FF7C5207DE7A200E7A30C /* Main.storyboard */,
				2D3FF7C8207DE7A200E7A30C /* Assets.xcassets */,
				2D3FF7CA207DE7A200E7A30C /* LaunchScreen.storyboard */,
				2D3FF7CD207DE7A200E7A30C /* Info.plist */,
			);
			path = UtilitiesAndHelpers;
			sourceTree = "<group>";
		};
		2D3FF7D7207DEDF600E7A30C /* Extensions */ = {
			isa = PBXGroup;
			children = (
				2D110D6820A4217C0078DDC8 /* Array+Duplicates.swift */,
				2D7BB5672142AFED009CACA1 /* Data+HTML2AttrString.swift */,
				2D64569820A07D3D00EBB06C /* DoubleExtension.swift */,
				2D3FF7D8207DEE0C00E7A30C /* NSManagedObject+Dic.swift */,
				2D7BB55421429ED2009CACA1 /* Reusable.swift */,
				2D64569620A07CC000EBB06C /* TextField+BottomLine.swift */,
				2D7BB5602142AD0A009CACA1 /* UICollectionView+Reusable .swift */,
				2D7BB5622142ADF9009CACA1 /* UIColor+CustomColors.swift */,
				2D7BB5642142AE36009CACA1 /* UIFont+Fonts.swift */,
				2D7BB55E2142ACBE009CACA1 /* UITableView+Reusable.swift */,
				2D64569A20A07DEC00EBB06C /* UIView+Round.swift */,
				2D28568221464A34005FF13B /* UIButton+RoundCorner.swift */,
				2D28568421464A88005FF13B /* UIImage+PHAsset.swift */,
			);
			path = Extensions;
			sourceTree = "<group>";
		};
		2D631FAA21BA73F8000FA98E /* PCC */ = {
			isa = PBXGroup;
			children = (
				2D631FAB21BA73F8000FA98E /* Screen Shot 2018-12-07 at 2.14.39 PM.png */,
				2D631FAC21BA73F8000FA98E /* Screen Shot 2018-12-07 at 2.15.15 PM.png */,
				2D631FAD21BA73F8000FA98E /* Screen Shot 2018-12-07 at 2.11.59 PM.png */,
				2D631FAE21BA73F8000FA98E /* Screen Shot 2018-12-07 at 2.23.04 PM.png */,
				2D631FAF21BA73F8000FA98E /* Appointment Reciept.pdf */,
			);
			path = PCC;
			sourceTree = "<group>";
		};
		2D631FB021BA73F8000FA98E /* work-hts */ = {
			isa = PBXGroup;
			children = (
				2D631FB121BA73F8000FA98E /* Screen Shot 2018-12-07 at 2.31.47 PM.png */,
				2D631FB221BA73F8000FA98E /* Screen Shot 2018-12-07 at 2.25.00 PM.png */,
				2D631FB321BA73F8000FA98E /* Screen Shot 2018-12-07 at 2.32.40 PM.png */,
				2D631FB421BA73F9000FA98E /* Screen Shot 2018-12-07 at 2.30.14 PM.png */,
				2D631FB521BA73F9000FA98E /* Screen Shot 2018-12-07 at 2.33.25 PM.png */,
				2D631FB621BA73F9000FA98E /* Screen Shot 2018-12-07 at 2.27.39 PM.png */,
				2D631FB721BA73F9000FA98E /* Screen Shot 2018-12-07 at 2.27.56 PM.png */,
				2D631FB821BA73F9000FA98E /* Screen Shot 2018-12-07 at 2.34.07 PM.png */,
				2D631FB921BA73F9000FA98E /* Screen Shot 2018-12-07 at 2.24.43 PM.png */,
				2D631FBA21BA73F9000FA98E /* Screen Shot 2018-12-07 at 2.29.08 PM.png */,
				2D631FBB21BA73F9000FA98E /* Screen Shot 2018-12-07 at 2.25.34 PM.png */,
				2D631FBC21BA73F9000FA98E /* Screen Shot 2018-12-07 at 2.30.59 PM.png */,
				2D631FBD21BA73F9000FA98E /* Screen Shot 2018-12-07 at 2.33.40 PM.png */,
				2D631FBE21BA73F9000FA98E /* Screen Shot 2018-12-07 at 2.34.27 PM.png */,
				2D631FBF21BA73F9000FA98E /* Screen Shot 2018-12-07 at 2.34.56 PM.png */,
				2D631FC021BA73F9000FA98E /* Screen Shot 2018-12-07 at 2.30.00 PM.png */,
				2D631FC121BA73F9000FA98E /* Screen Shot 2018-12-07 at 2.29.24 PM.png */,
				2D631FC221BA73F9000FA98E /* Screen Shot 2018-12-07 at 2.25.16 PM.png */,
				2D631FC321BA73F9000FA98E /* Screen Shot 2018-12-07 at 2.25.51 PM.png */,
				2D631FC421BA73F9000FA98E /* Screen Shot 2018-12-07 at 2.23.53 PM.png */,
				2D631FC521BA73F9000FA98E /* Screen Shot 2018-12-07 at 2.27.05 PM.png */,
				2D631FC621BA73F9000FA98E /* Screen Shot 2018-12-07 at 2.28.16 PM.png */,
				2D631FC721BA73F9000FA98E /* Screen Shot 2018-12-07 at 2.28.54 PM.png */,
				2D631FC821BA73F9000FA98E /* Screen Shot 2018-12-07 at 2.24.15 PM.png */,
				2D631FC921BA73F9000FA98E /* Screen Shot 2018-12-07 at 2.32.53 PM.png */,
				2D631FCA21BA73F9000FA98E /* Screen Shot 2018-12-07 at 2.29.42 PM.png */,
				2D631FCB21BA73F9000FA98E /* Screen Shot 2018-12-07 at 2.36.19 PM.png */,
				2D631FCC21BA73F9000FA98E /* Screen Shot 2018-12-07 at 2.32.16 PM.png */,
				2D631FCD21BA73F9000FA98E /* Screen Shot 2018-12-07 at 2.30.42 PM.png */,
				2D631FCE21BA73F9000FA98E /* Screen Shot 2018-12-07 at 2.23.29 PM.png */,
				2D631FCF21BA73F9000FA98E /* Screen Shot 2018-12-07 at 2.28.39 PM.png */,
				2D631FD021BA73F9000FA98E /* Screen Shot 2018-12-07 at 2.34.41 PM.png */,
				2D631FD121BA73F9000FA98E /* Screen Shot 2018-12-07 at 2.32.00 PM.png */,
				2D631FD221BA73F9000FA98E /* Screen Shot 2018-12-07 at 2.31.19 PM.png */,
				2D631FD321BA73F9000FA98E /* Screen Shot 2018-12-07 at 2.33.53 PM.png */,
				2D631FD421BA73F9000FA98E /* Screen Shot 2018-12-07 at 2.27.22 PM.png */,
				2D631FD521BA73F9000FA98E /* Screen Shot 2018-12-07 at 2.30.27 PM.png */,
				2D631FD621BA73F9000FA98E /* Screen Shot 2018-12-07 at 2.33.04 PM.png */,
				2D631FD721BA73F9000FA98E /* Screen Shot 2018-12-07 at 2.31.33 PM.png */,
				2D631FD821BA73F9000FA98E /* Screen Shot 2018-12-07 at 2.26.10 PM.png */,
			);
			path = "work-hts";
			sourceTree = "<group>";
		};
		451C4AB22A40EE16F0A703F3 /* Pods */ = {
			isa = PBXGroup;
			children = (
				E971E056EC67A7F1469C8A6A /* Pods-UtilitiesAndHelpers.debug.xcconfig */,
				A9308E88719D2B3131B46EEC /* Pods-UtilitiesAndHelpers.release.xcconfig */,
			);
			name = Pods;
			sourceTree = "<group>";
		};
		C80494E1C1B1CBBA3810CF45 /* Frameworks */ = {
			isa = PBXGroup;
			children = (
				C87E0EA092AE5DB8B58CB96D /* Pods_UtilitiesAndHelpers.framework */,
			);
			name = Frameworks;
			sourceTree = "<group>";
		};
/* End PBXGroup section */

/* Begin PBXNativeTarget section */
		2D3FF7BD207DE7A200E7A30C /* UtilitiesAndHelpers */ = {
			isa = PBXNativeTarget;
			buildConfigurationList = 2D3FF7D0207DE7A200E7A30C /* Build configuration list for PBXNativeTarget "UtilitiesAndHelpers" */;
			buildPhases = (
				A5A87A5510EB400C5B5854FB /* [CP] Check Pods Manifest.lock */,
				2D3FF7BA207DE7A200E7A30C /* Sources */,
				2D3FF7BB207DE7A200E7A30C /* Frameworks */,
				2D3FF7BC207DE7A200E7A30C /* Resources */,
				0A6A1D5C846FB905D9AB3941 /* [CP] Embed Pods Frameworks */,
				0FBB3074355837A433968E2E /* [CP] Copy Pods Resources */,
			);
			buildRules = (
			);
			dependencies = (
			);
			name = UtilitiesAndHelpers;
			productName = UtilitiesAndHelpers;
			productReference = 2D3FF7BE207DE7A200E7A30C /* UtilitiesAndHelpers.app */;
			productType = "com.apple.product-type.application";
		};
/* End PBXNativeTarget section */

/* Begin PBXProject section */
		2D3FF7B6207DE7A200E7A30C /* Project object */ = {
			isa = PBXProject;
			attributes = {
				LastSwiftUpdateCheck = 0920;
				LastUpgradeCheck = 0920;
				ORGANIZATIONNAME = HTS;
				TargetAttributes = {
					2D3FF7BD207DE7A200E7A30C = {
						CreatedOnToolsVersion = 9.2;
						ProvisioningStyle = Automatic;
					};
				};
			};
			buildConfigurationList = 2D3FF7B9207DE7A200E7A30C /* Build configuration list for PBXProject "UtilitiesAndHelpers" */;
			compatibilityVersion = "Xcode 8.0";
			developmentRegion = en;
			hasScannedForEncodings = 0;
			knownRegions = (
				en,
				Base,
			);
			mainGroup = 2D3FF7B5207DE7A200E7A30C;
			productRefGroup = 2D3FF7BF207DE7A200E7A30C /* Products */;
			projectDirPath = "";
			projectRoot = "";
			targets = (
				2D3FF7BD207DE7A200E7A30C /* UtilitiesAndHelpers */,
			);
		};
/* End PBXProject section */

/* Begin PBXResourcesBuildPhase section */
		2D3FF7BC207DE7A200E7A30C /* Resources */ = {
			isa = PBXResourcesBuildPhase;
			buildActionMask = 2147483647;
			files = (
				2D631FE921BA73F9000FA98E /* Screen Shot 2018-12-07 at 2.30.59 PM.png in Resources */,
				2D3FF7CC207DE7A200E7A30C /* LaunchScreen.storyboard in Resources */,
				2D63200221BA73F9000FA98E /* Screen Shot 2018-12-07 at 2.30.27 PM.png in Resources */,
				2D631FDC21BA73F9000FA98E /* Screen Shot 2018-12-07 at 2.23.04 PM.png in Resources */,
				2D631FF821BA73F9000FA98E /* Screen Shot 2018-12-07 at 2.36.19 PM.png in Resources */,
				2D631FEE21BA73F9000FA98E /* Screen Shot 2018-12-07 at 2.29.24 PM.png in Resources */,
				2D631FFF21BA73F9000FA98E /* Screen Shot 2018-12-07 at 2.31.19 PM.png in Resources */,
				2D631FFE21BA73F9000FA98E /* Screen Shot 2018-12-07 at 2.32.00 PM.png in Resources */,
				2D631FE821BA73F9000FA98E /* Screen Shot 2018-12-07 at 2.25.34 PM.png in Resources */,
				2D631FEA21BA73F9000FA98E /* Screen Shot 2018-12-07 at 2.33.40 PM.png in Resources */,
				2D631FDD21BA73F9000FA98E /* Appointment Reciept.pdf in Resources */,
				2D63200021BA73F9000FA98E /* Screen Shot 2018-12-07 at 2.33.53 PM.png in Resources */,
				2D631FD921BA73F9000FA98E /* Screen Shot 2018-12-07 at 2.14.39 PM.png in Resources */,
				2D631FE521BA73F9000FA98E /* Screen Shot 2018-12-07 at 2.34.07 PM.png in Resources */,
				2D631FF021BA73F9000FA98E /* Screen Shot 2018-12-07 at 2.25.51 PM.png in Resources */,
				2D631FFA21BA73F9000FA98E /* Screen Shot 2018-12-07 at 2.30.42 PM.png in Resources */,
				2D631FEB21BA73F9000FA98E /* Screen Shot 2018-12-07 at 2.34.27 PM.png in Resources */,
				2D631FF621BA73F9000FA98E /* Screen Shot 2018-12-07 at 2.32.53 PM.png in Resources */,
				2D631FF121BA73F9000FA98E /* Screen Shot 2018-12-07 at 2.23.53 PM.png in Resources */,
				2D631FE621BA73F9000FA98E /* Screen Shot 2018-12-07 at 2.24.43 PM.png in Resources */,
				2D63200521BA73F9000FA98E /* Screen Shot 2018-12-07 at 2.26.10 PM.png in Resources */,
				2D63200321BA73F9000FA98E /* Screen Shot 2018-12-07 at 2.33.04 PM.png in Resources */,
				2D631FEC21BA73F9000FA98E /* Screen Shot 2018-12-07 at 2.34.56 PM.png in Resources */,
				2D631FDB21BA73F9000FA98E /* Screen Shot 2018-12-07 at 2.11.59 PM.png in Resources */,
				2D631FE021BA73F9000FA98E /* Screen Shot 2018-12-07 at 2.32.40 PM.png in Resources */,
				2D3FF7C9207DE7A200E7A30C /* Assets.xcassets in Resources */,
				2D631FF921BA73F9000FA98E /* Screen Shot 2018-12-07 at 2.32.16 PM.png in Resources */,
				2D631FE221BA73F9000FA98E /* Screen Shot 2018-12-07 at 2.33.25 PM.png in Resources */,
				2D7BB5592142A121009CACA1 /* LabelTableViewCell.xib in Resources */,
				2D63200121BA73F9000FA98E /* Screen Shot 2018-12-07 at 2.27.22 PM.png in Resources */,
				2D631FE721BA73F9000FA98E /* Screen Shot 2018-12-07 at 2.29.08 PM.png in Resources */,
				2D631FDE21BA73F9000FA98E /* Screen Shot 2018-12-07 at 2.31.47 PM.png in Resources */,
				2D631FDA21BA73F9000FA98E /* Screen Shot 2018-12-07 at 2.15.15 PM.png in Resources */,
				2D631FE321BA73F9000FA98E /* Screen Shot 2018-12-07 at 2.27.39 PM.png in Resources */,
				2D631FEF21BA73F9000FA98E /* Screen Shot 2018-12-07 at 2.25.16 PM.png in Resources */,
				2D63200421BA73F9000FA98E /* Screen Shot 2018-12-07 at 2.31.33 PM.png in Resources */,
				2D631FF721BA73F9000FA98E /* Screen Shot 2018-12-07 at 2.29.42 PM.png in Resources */,
				2D631FED21BA73F9000FA98E /* Screen Shot 2018-12-07 at 2.30.00 PM.png in Resources */,
				2D631FE421BA73F9000FA98E /* Screen Shot 2018-12-07 at 2.27.56 PM.png in Resources */,
				2D631FF321BA73F9000FA98E /* Screen Shot 2018-12-07 at 2.28.16 PM.png in Resources */,
				2D631FF421BA73F9000FA98E /* Screen Shot 2018-12-07 at 2.28.54 PM.png in Resources */,
				2D631FF221BA73F9000FA98E /* Screen Shot 2018-12-07 at 2.27.05 PM.png in Resources */,
				2D631FFB21BA73F9000FA98E /* Screen Shot 2018-12-07 at 2.23.29 PM.png in Resources */,
				2D631FFD21BA73F9000FA98E /* Screen Shot 2018-12-07 at 2.34.41 PM.png in Resources */,
				2D631FE121BA73F9000FA98E /* Screen Shot 2018-12-07 at 2.30.14 PM.png in Resources */,
				2D631FDF21BA73F9000FA98E /* Screen Shot 2018-12-07 at 2.25.00 PM.png in Resources */,
				2D3FF7C7207DE7A200E7A30C /* Main.storyboard in Resources */,
				2D631FFC21BA73F9000FA98E /* Screen Shot 2018-12-07 at 2.28.39 PM.png in Resources */,
				2D631FF521BA73F9000FA98E /* Screen Shot 2018-12-07 at 2.24.15 PM.png in Resources */,
			);
			runOnlyForDeploymentPostprocessing = 0;
		};
/* End PBXResourcesBuildPhase section */

/* Begin PBXShellScriptBuildPhase section */
		0A6A1D5C846FB905D9AB3941 /* [CP] Embed Pods Frameworks */ = {
			isa = PBXShellScriptBuildPhase;
			buildActionMask = 2147483647;
			files = (
			);
			inputPaths = (
				"${SRCROOT}/Pods/Target Support Files/Pods-UtilitiesAndHelpers/Pods-UtilitiesAndHelpers-frameworks.sh",
				"${BUILT_PRODUCTS_DIR}/Alamofire/Alamofire.framework",
			);
			name = "[CP] Embed Pods Frameworks";
			outputPaths = (
				"${TARGET_BUILD_DIR}/${FRAMEWORKS_FOLDER_PATH}/Alamofire.framework",
			);
			runOnlyForDeploymentPostprocessing = 0;
			shellPath = /bin/sh;
			shellScript = "\"${SRCROOT}/Pods/Target Support Files/Pods-UtilitiesAndHelpers/Pods-UtilitiesAndHelpers-frameworks.sh\"\n";
			showEnvVarsInLog = 0;
		};
		0FBB3074355837A433968E2E /* [CP] Copy Pods Resources */ = {
			isa = PBXShellScriptBuildPhase;
			buildActionMask = 2147483647;
			files = (
			);
			inputPaths = (
			);
			name = "[CP] Copy Pods Resources";
			outputPaths = (
			);
			runOnlyForDeploymentPostprocessing = 0;
			shellPath = /bin/sh;
			shellScript = "\"${SRCROOT}/Pods/Target Support Files/Pods-UtilitiesAndHelpers/Pods-UtilitiesAndHelpers-resources.sh\"\n";
			showEnvVarsInLog = 0;
		};
		A5A87A5510EB400C5B5854FB /* [CP] Check Pods Manifest.lock */ = {
			isa = PBXShellScriptBuildPhase;
			buildActionMask = 2147483647;
			files = (
			);
			inputPaths = (
				"${PODS_PODFILE_DIR_PATH}/Podfile.lock",
				"${PODS_ROOT}/Manifest.lock",
			);
			name = "[CP] Check Pods Manifest.lock";
			outputPaths = (
				"$(DERIVED_FILE_DIR)/Pods-UtilitiesAndHelpers-checkManifestLockResult.txt",
			);
			runOnlyForDeploymentPostprocessing = 0;
			shellPath = /bin/sh;
			shellScript = "diff \"${PODS_PODFILE_DIR_PATH}/Podfile.lock\" \"${PODS_ROOT}/Manifest.lock\" > /dev/null\nif [ $? != 0 ] ; then\n    # print error to STDERR\n    echo \"error: The sandbox is not in sync with the Podfile.lock. Run 'pod install' or update your CocoaPods installation.\" >&2\n    exit 1\nfi\n# This output is used by Xcode 'outputs' to avoid re-running this script phase.\necho \"SUCCESS\" > \"${SCRIPT_OUTPUT_FILE_0}\"\n";
			showEnvVarsInLog = 0;
		};
/* End PBXShellScriptBuildPhase section */

/* Begin PBXSourcesBuildPhase section */
		2D3FF7BA207DE7A200E7A30C /* Sources */ = {
			isa = PBXSourcesBuildPhase;
			buildActionMask = 2147483647;
			files = (
				2D7BB5632142ADF9009CACA1 /* UIColor+CustomColors.swift in Sources */,
				2D7BB5682142AFED009CACA1 /* Data+HTML2AttrString.swift in Sources */,
				2D64569920A07D3D00EBB06C /* DoubleExtension.swift in Sources */,
				2D7BB55521429ED2009CACA1 /* Reusable.swift in Sources */,
				2D7BB5582142A121009CACA1 /* LabelTableViewCell.swift in Sources */,
				2D3FF7C4207DE7A200E7A30C /* ViewController.swift in Sources */,
				2D3FF7D9207DEE0C00E7A30C /* NSManagedObject+Dic.swift in Sources */,
				2D3FF7D4207DE85400E7A30C /* NetworkConnectivity.swift in Sources */,
				2D28568521464A88005FF13B /* UIImage+PHAsset.swift in Sources */,
				2D64569720A07CC000EBB06C /* TextField+BottomLine.swift in Sources */,
				2D110D6920A4217C0078DDC8 /* Array+Duplicates.swift in Sources */,
				2DE2A5322087747B0075A1A0 /* TSYoutubeParser.swift in Sources */,
				2D64569B20A07DEC00EBB06C /* UIView+Round.swift in Sources */,
				2D7BB55F2142ACBE009CACA1 /* UITableView+Reusable.swift in Sources */,
				2D3FF7C2207DE7A200E7A30C /* AppDelegate.swift in Sources */,
				2D7BB5612142AD0A009CACA1 /* UICollectionView+Reusable .swift in Sources */,
				2D7BB55D2142A9FF009CACA1 /* CodeLabelTableViewCell.swift in Sources */,
				2D7BB5652142AE36009CACA1 /* UIFont+Fonts.swift in Sources */,
				2D7BB55B2142A4CD009CACA1 /* BaseTableViewCell.swift in Sources */,
				2D3FF7D6207DE86E00E7A30C /* APIClient.swift in Sources */,
				2D28568321464A34005FF13B /* UIButton+RoundCorner.swift in Sources */,
			);
			runOnlyForDeploymentPostprocessing = 0;
		};
/* End PBXSourcesBuildPhase section */

/* Begin PBXVariantGroup section */
		2D3FF7C5207DE7A200E7A30C /* Main.storyboard */ = {
			isa = PBXVariantGroup;
			children = (
				2D3FF7C6207DE7A200E7A30C /* Base */,
			);
			name = Main.storyboard;
			sourceTree = "<group>";
		};
		2D3FF7CA207DE7A200E7A30C /* LaunchScreen.storyboard */ = {
			isa = PBXVariantGroup;
			children = (
				2D3FF7CB207DE7A200E7A30C /* Base */,
			);
			name = LaunchScreen.storyboard;
			sourceTree = "<group>";
		};
/* End PBXVariantGroup section */

/* Begin XCBuildConfiguration section */
		2D3FF7CE207DE7A200E7A30C /* Debug */ = {
			isa = XCBuildConfiguration;
			buildSettings = {
				ALWAYS_SEARCH_USER_PATHS = NO;
				CLANG_ANALYZER_NONNULL = YES;
				CLANG_ANALYZER_NUMBER_OBJECT_CONVERSION = YES_AGGRESSIVE;
				CLANG_CXX_LANGUAGE_STANDARD = "gnu++14";
				CLANG_CXX_LIBRARY = "libc++";
				CLANG_ENABLE_MODULES = YES;
				CLANG_ENABLE_OBJC_ARC = YES;
				CLANG_WARN_BLOCK_CAPTURE_AUTORELEASING = YES;
				CLANG_WARN_BOOL_CONVERSION = YES;
				CLANG_WARN_COMMA = YES;
				CLANG_WARN_CONSTANT_CONVERSION = YES;
				CLANG_WARN_DIRECT_OBJC_ISA_USAGE = YES_ERROR;
				CLANG_WARN_DOCUMENTATION_COMMENTS = YES;
				CLANG_WARN_EMPTY_BODY = YES;
				CLANG_WARN_ENUM_CONVERSION = YES;
				CLANG_WARN_INFINITE_RECURSION = YES;
				CLANG_WARN_INT_CONVERSION = YES;
				CLANG_WARN_NON_LITERAL_NULL_CONVERSION = YES;
				CLANG_WARN_OBJC_LITERAL_CONVERSION = YES;
				CLANG_WARN_OBJC_ROOT_CLASS = YES_ERROR;
				CLANG_WARN_RANGE_LOOP_ANALYSIS = YES;
				CLANG_WARN_STRICT_PROTOTYPES = YES;
				CLANG_WARN_SUSPICIOUS_MOVE = YES;
				CLANG_WARN_UNGUARDED_AVAILABILITY = YES_AGGRESSIVE;
				CLANG_WARN_UNREACHABLE_CODE = YES;
				CLANG_WARN__DUPLICATE_METHOD_MATCH = YES;
				CODE_SIGN_IDENTITY = "iPhone Developer";
				COPY_PHASE_STRIP = NO;
				DEBUG_INFORMATION_FORMAT = dwarf;
				ENABLE_STRICT_OBJC_MSGSEND = YES;
				ENABLE_TESTABILITY = YES;
				GCC_C_LANGUAGE_STANDARD = gnu11;
				GCC_DYNAMIC_NO_PIC = NO;
				GCC_NO_COMMON_BLOCKS = YES;
				GCC_OPTIMIZATION_LEVEL = 0;
				GCC_PREPROCESSOR_DEFINITIONS = (
					"DEBUG=1",
					"$(inherited)",
				);
				GCC_WARN_64_TO_32_BIT_CONVERSION = YES;
				GCC_WARN_ABOUT_RETURN_TYPE = YES_ERROR;
				GCC_WARN_UNDECLARED_SELECTOR = YES;
				GCC_WARN_UNINITIALIZED_AUTOS = YES_AGGRESSIVE;
				GCC_WARN_UNUSED_FUNCTION = YES;
				GCC_WARN_UNUSED_VARIABLE = YES;
				IPHONEOS_DEPLOYMENT_TARGET = 11.2;
				MTL_ENABLE_DEBUG_INFO = YES;
				ONLY_ACTIVE_ARCH = YES;
				SDKROOT = iphoneos;
				SWIFT_ACTIVE_COMPILATION_CONDITIONS = DEBUG;
				SWIFT_OPTIMIZATION_LEVEL = "-Onone";
			};
			name = Debug;
		};
		2D3FF7CF207DE7A200E7A30C /* Release */ = {
			isa = XCBuildConfiguration;
			buildSettings = {
				ALWAYS_SEARCH_USER_PATHS = NO;
				CLANG_ANALYZER_NONNULL = YES;
				CLANG_ANALYZER_NUMBER_OBJECT_CONVERSION = YES_AGGRESSIVE;
				CLANG_CXX_LANGUAGE_STANDARD = "gnu++14";
				CLANG_CXX_LIBRARY = "libc++";
				CLANG_ENABLE_MODULES = YES;
				CLANG_ENABLE_OBJC_ARC = YES;
				CLANG_WARN_BLOCK_CAPTURE_AUTORELEASING = YES;
				CLANG_WARN_BOOL_CONVERSION = YES;
				CLANG_WARN_COMMA = YES;
				CLANG_WARN_CONSTANT_CONVERSION = YES;
				CLANG_WARN_DIRECT_OBJC_ISA_USAGE = YES_ERROR;
				CLANG_WARN_DOCUMENTATION_COMMENTS = YES;
				CLANG_WARN_EMPTY_BODY = YES;
				CLANG_WARN_ENUM_CONVERSION = YES;
				CLANG_WARN_INFINITE_RECURSION = YES;
				CLANG_WARN_INT_CONVERSION = YES;
				CLANG_WARN_NON_LITERAL_NULL_CONVERSION = YES;
				CLANG_WARN_OBJC_LITERAL_CONVERSION = YES;
				CLANG_WARN_OBJC_ROOT_CLASS = YES_ERROR;
				CLANG_WARN_RANGE_LOOP_ANALYSIS = YES;
				CLANG_WARN_STRICT_PROTOTYPES = YES;
				CLANG_WARN_SUSPICIOUS_MOVE = YES;
				CLANG_WARN_UNGUARDED_AVAILABILITY = YES_AGGRESSIVE;
				CLANG_WARN_UNREACHABLE_CODE = YES;
				CLANG_WARN__DUPLICATE_METHOD_MATCH = YES;
				CODE_SIGN_IDENTITY = "iPhone Developer";
				COPY_PHASE_STRIP = NO;
				DEBUG_INFORMATION_FORMAT = "dwarf-with-dsym";
				ENABLE_NS_ASSERTIONS = NO;
				ENABLE_STRICT_OBJC_MSGSEND = YES;
				GCC_C_LANGUAGE_STANDARD = gnu11;
				GCC_NO_COMMON_BLOCKS = YES;
				GCC_WARN_64_TO_32_BIT_CONVERSION = YES;
				GCC_WARN_ABOUT_RETURN_TYPE = YES_ERROR;
				GCC_WARN_UNDECLARED_SELECTOR = YES;
				GCC_WARN_UNINITIALIZED_AUTOS = YES_AGGRESSIVE;
				GCC_WARN_UNUSED_FUNCTION = YES;
				GCC_WARN_UNUSED_VARIABLE = YES;
				IPHONEOS_DEPLOYMENT_TARGET = 11.2;
				MTL_ENABLE_DEBUG_INFO = NO;
				SDKROOT = iphoneos;
				SWIFT_OPTIMIZATION_LEVEL = "-Owholemodule";
				VALIDATE_PRODUCT = YES;
			};
			name = Release;
		};
		2D3FF7D1207DE7A200E7A30C /* Debug */ = {
			isa = XCBuildConfiguration;
			baseConfigurationReference = E971E056EC67A7F1469C8A6A /* Pods-UtilitiesAndHelpers.debug.xcconfig */;
			buildSettings = {
				ASSETCATALOG_COMPILER_APPICON_NAME = AppIcon;
				CODE_SIGN_STYLE = Automatic;
				DEVELOPMENT_TEAM = 64JAQR7B8Y;
				INFOPLIST_FILE = UtilitiesAndHelpers/Info.plist;
				LD_RUNPATH_SEARCH_PATHS = "$(inherited) @executable_path/Frameworks";
				PRODUCT_BUNDLE_IDENTIFIER = hyperthreadSolutions.UtilitiesAndHelpers;
				PRODUCT_NAME = "$(TARGET_NAME)";
				SWIFT_VERSION = 4.0;
				TARGETED_DEVICE_FAMILY = "1,2";
			};
			name = Debug;
		};
		2D3FF7D2207DE7A200E7A30C /* Release */ = {
			isa = XCBuildConfiguration;
			baseConfigurationReference = A9308E88719D2B3131B46EEC /* Pods-UtilitiesAndHelpers.release.xcconfig */;
			buildSettings = {
				ASSETCATALOG_COMPILER_APPICON_NAME = AppIcon;
				CODE_SIGN_STYLE = Automatic;
				DEVELOPMENT_TEAM = 64JAQR7B8Y;
				INFOPLIST_FILE = UtilitiesAndHelpers/Info.plist;
				LD_RUNPATH_SEARCH_PATHS = "$(inherited) @executable_path/Frameworks";
				PRODUCT_BUNDLE_IDENTIFIER = hyperthreadSolutions.UtilitiesAndHelpers;
				PRODUCT_NAME = "$(TARGET_NAME)";
				SWIFT_VERSION = 4.0;
				TARGETED_DEVICE_FAMILY = "1,2";
			};
			name = Release;
		};
/* End XCBuildConfiguration section */

/* Begin XCConfigurationList section */
		2D3FF7B9207DE7A200E7A30C /* Build configuration list for PBXProject "UtilitiesAndHelpers" */ = {
			isa = XCConfigurationList;
			buildConfigurations = (
				2D3FF7CE207DE7A200E7A30C /* Debug */,
				2D3FF7CF207DE7A200E7A30C /* Release */,
			);
			defaultConfigurationIsVisible = 0;
			defaultConfigurationName = Release;
		};
		2D3FF7D0207DE7A200E7A30C /* Build configuration list for PBXNativeTarget "UtilitiesAndHelpers" */ = {
			isa = XCConfigurationList;
			buildConfigurations = (
				2D3FF7D1207DE7A200E7A30C /* Debug */,
				2D3FF7D2207DE7A200E7A30C /* Release */,
			);
			defaultConfigurationIsVisible = 0;
			defaultConfigurationName = Release;
		};
/* End XCConfigurationList section */
	};
	rootObject = 2D3FF7B6207DE7A200E7A30C /* Project object */;
}
